{
  "version": 4,
  "terraform_version": "1.0.7",
  "serial": 304,
  "lineage": "cbc667c6-6052-84ae-3852-e9de05e23f98",
  "outputs": {},
  "resources": [
    {
      "module": "module.create_ec2",
      "mode": "managed",
      "type": "aws_instance",
      "name": "ec2",
      "provider": "provider[\"registry.terraform.io/hashicorp/aws\"]",
      "instances": [
        {
          "schema_version": 1,
          "attributes": {
            "ami": "ami-0567f647e75c7bc05",
            "arn": "arn:aws:ec2:ap-southeast-2:001601475366:instance/i-012a1f55e99b14e0c",
            "associate_public_ip_address": true,
            "availability_zone": "ap-southeast-2b",
            "capacity_reservation_specification": [
              {
                "capacity_reservation_preference": "open",
                "capacity_reservation_target": []
              }
            ],
            "cpu_core_count": 1,
            "cpu_threads_per_core": 2,
            "credit_specification": [
              {
                "cpu_credits": "unlimited"
              }
            ],
            "disable_api_termination": false,
            "ebs_block_device": [],
            "ebs_optimized": false,
            "enclave_options": [
              {
                "enabled": false
              }
            ],
            "ephemeral_block_device": [],
            "get_password_data": false,
            "hibernation": false,
            "host_id": null,
            "iam_instance_profile": "",
            "id": "i-012a1f55e99b14e0c",
            "instance_initiated_shutdown_behavior": "stop",
            "instance_state": "running",
            "instance_type": "t3.medium",
            "ipv6_address_count": 0,
            "ipv6_addresses": [],
            "key_name": "modular-key-pair",
            "launch_template": [],
            "metadata_options": [
              {
                "http_endpoint": "enabled",
                "http_put_response_hop_limit": 1,
                "http_tokens": "optional"
              }
            ],
            "monitoring": false,
            "network_interface": [
              {
                "delete_on_termination": false,
                "device_index": 0,
                "network_interface_id": "eni-091792558f3c2919a"
              }
            ],
            "outpost_arn": "",
            "password_data": "",
            "placement_group": "",
            "primary_network_interface_id": "eni-091792558f3c2919a",
            "private_dns": "ip-192-168-1-94.ap-southeast-2.compute.internal",
            "private_ip": "192.168.1.94",
            "public_dns": "ec2-52-62-231-183.ap-southeast-2.compute.amazonaws.com",
            "public_ip": "52.62.231.183",
            "root_block_device": [
              {
                "delete_on_termination": true,
                "device_name": "/dev/sda1",
                "encrypted": false,
                "iops": 100,
                "kms_key_id": "",
                "tags": {},
                "throughput": 0,
                "volume_id": "vol-0be8ba0aba1bb367d",
                "volume_size": 8,
                "volume_type": "gp2"
              }
            ],
            "secondary_private_ips": [],
            "security_groups": [],
            "source_dest_check": true,
            "subnet_id": "subnet-0515799d8f520edcb",
            "tags": {
              "Launched_By": "Terraform",
              "Name": "modular ec2 ubuntu webserver"
            },
            "tags_all": {
              "Launched_By": "Terraform",
              "Name": "modular ec2 ubuntu webserver"
            },
            "tenancy": "default",
            "timeouts": null,
            "user_data": "3c3cd4eeda1536ea54c6f2fe361a3c5c099c210d",
            "user_data_base64": null,
            "volume_tags": null,
            "vpc_security_group_ids": [
              "sg-0d8b295396cb71aa0"
            ]
          },
          "sensitive_attributes": [],
          "private": "eyJlMmJmYjczMC1lY2FhLTExZTYtOGY4OC0zNDM2M2JjN2M0YzAiOnsiY3JlYXRlIjo2MDAwMDAwMDAwMDAsImRlbGV0ZSI6MTIwMDAwMDAwMDAwMCwidXBkYXRlIjo2MDAwMDAwMDAwMDB9LCJzY2hlbWFfdmVyc2lvbiI6IjEifQ==",
          "dependencies": [
            "module.create_eni.aws_network_interface.eni",
            "module.create_key_pair.aws_key_pair.key_pair"
          ]
        }
      ]
    },
    {
      "module": "module.create_eip",
      "mode": "managed",
      "type": "aws_eip",
      "name": "create_eip",
      "provider": "provider[\"registry.terraform.io/hashicorp/aws\"]",
      "instances": [
        {
          "schema_version": 0,
          "attributes": {
            "address": null,
            "allocation_id": null,
            "associate_with_private_ip": "192.168.1.94",
            "association_id": "eipassoc-040de097d316d07ba",
            "carrier_ip": "",
            "customer_owned_ip": "",
            "customer_owned_ipv4_pool": "",
            "domain": "vpc",
            "id": "eipalloc-0cffccc9921e21ad0",
            "instance": "i-04de01af6a9d04da7",
            "network_border_group": "ap-southeast-2",
            "network_interface": "eni-091792558f3c2919a",
            "private_dns": "ip-192-168-1-94.ap-southeast-2.compute.internal",
            "private_ip": "192.168.1.94",
            "public_dns": "ec2-52-62-231-183.ap-southeast-2.compute.amazonaws.com",
            "public_ip": "52.62.231.183",
            "public_ipv4_pool": "amazon",
            "tags": {
              "Launched_By": "Terraform",
              "Name": "modular eip"
            },
            "tags_all": {
              "Launched_By": "Terraform",
              "Name": "modular eip"
            },
            "timeouts": null,
            "vpc": true
          },
          "sensitive_attributes": [],
          "private": "eyJlMmJmYjczMC1lY2FhLTExZTYtOGY4OC0zNDM2M2JjN2M0YzAiOnsiZGVsZXRlIjoxODAwMDAwMDAwMDAsInJlYWQiOjkwMDAwMDAwMDAwMCwidXBkYXRlIjozMDAwMDAwMDAwMDB9fQ==",
          "dependencies": [
            "module.create_eni.aws_network_interface.eni",
            "module.create_igw.aws_internet_gateway.igw",
            "module.create_sg.aws_security_group.sg",
            "module.create_subnet.aws_subnet.subnet",
            "module.create_vpc.aws_vpc.vpc"
          ]
        }
      ]
    },
    {
      "module": "module.create_eni",
      "mode": "managed",
      "type": "aws_network_interface",
      "name": "eni",
      "provider": "provider[\"registry.terraform.io/hashicorp/aws\"]",
      "instances": [
        {
          "schema_version": 0,
          "attributes": {
            "attachment": [
              {
                "attachment_id": "eni-attach-0cdc3e2edcc842b38",
                "device_index": 0,
                "instance": "i-04de01af6a9d04da7"
              }
            ],
            "description": "",
            "id": "eni-091792558f3c2919a",
            "interface_type": "interface",
            "ipv6_address_count": 0,
            "ipv6_addresses": [],
            "mac_address": "02:a2:37:86:ba:8c",
            "outpost_arn": "",
            "private_dns_name": "ip-192-168-1-94.ap-southeast-2.compute.internal",
            "private_ip": "192.168.1.94",
            "private_ips": [
              "192.168.1.94"
            ],
            "private_ips_count": 0,
            "security_groups": [
              "sg-0d8b295396cb71aa0"
            ],
            "source_dest_check": true,
            "subnet_id": "subnet-0515799d8f520edcb",
            "tags": {
              "Launched_By": "Terraform",
              "Name": "modular eni"
            },
            "tags_all": {
              "Launched_By": "Terraform",
              "Name": "modular eni"
            }
          },
          "sensitive_attributes": [],
          "private": "bnVsbA==",
          "dependencies": [
            "module.create_sg.aws_security_group.sg",
            "module.create_subnet.aws_subnet.subnet",
            "module.create_vpc.aws_vpc.vpc"
          ]
        }
      ]
    },
    {
      "module": "module.create_igw",
      "mode": "managed",
      "type": "aws_internet_gateway",
      "name": "igw",
      "provider": "provider[\"registry.terraform.io/hashicorp/aws\"]",
      "instances": [
        {
          "schema_version": 0,
          "attributes": {
            "arn": "arn:aws:ec2:ap-southeast-2:001601475366:internet-gateway/igw-06bb7e68a6e3c188a",
            "id": "igw-06bb7e68a6e3c188a",
            "owner_id": "001601475366",
            "tags": {
              "Launched_By": "Terraform",
              "Name": "modular igw"
            },
            "tags_all": {
              "Launched_By": "Terraform",
              "Name": "modular igw"
            },
            "vpc_id": "vpc-00a44e02ad3311750"
          },
          "sensitive_attributes": [],
          "private": "bnVsbA==",
          "dependencies": [
            "module.create_vpc.aws_vpc.vpc"
          ]
        }
      ]
    },
    {
      "module": "module.create_key_pair",
      "mode": "managed",
      "type": "aws_key_pair",
      "name": "key_pair",
      "provider": "provider[\"registry.terraform.io/hashicorp/aws\"]",
      "instances": [
        {
          "schema_version": 1,
          "attributes": {
            "arn": "arn:aws:ec2:ap-southeast-2:001601475366:key-pair/modular-key-pair",
            "fingerprint": "a5:e5:d4:cd:33:64:c0:07:5d:04:08:fb:59:13:30:4f",
            "id": "modular-key-pair",
            "key_name": "modular-key-pair",
            "key_name_prefix": null,
            "key_pair_id": "key-0dbd8ec7cc5fe04d3",
            "public_key": "ssh-rsa AAAAB3NzaC1yc2EAAAABJQAAAQEAiHxlZP1Y9VBz0Dk8LDiVeey2yH1nRYw6mzwZVP7LwY0zlKlqIBpH+4tQQKmAQl99V+6BaRxkRd7UhmObDktKjrCylJxtdY3zya7/1/2flkexWceTHXHerX0/OpSTiGNWu9F/Pqulwcj6tTA3puYcQwvAS78+iEoNVY0mTVleDS9kCWJ7+bIZ6GQ936WH4HZeyAhvGY6v1VgKUmz/3b4mvv4Q4D7Rc6nsElPScgbNqjvI2QXbN9kFYbxhCr2/LIKXgHLBdG3QtdA/dc0xLIMZQ6+RyvREMx4zA8Ryja8kONifr4nJlxVwrmQWIXEQKGfbcT1p4f3d+SgwqluREUn+4w== rsa-key-20210925",
            "tags": {},
            "tags_all": {}
          },
          "sensitive_attributes": [],
          "private": "eyJzY2hlbWFfdmVyc2lvbiI6IjEifQ=="
        }
      ]
    },
    {
      "module": "module.create_route_table",
      "mode": "managed",
      "type": "aws_route_table",
      "name": "route_table",
      "provider": "provider[\"registry.terraform.io/hashicorp/aws\"]",
      "instances": [
        {
          "schema_version": 0,
          "attributes": {
            "arn": "arn:aws:ec2:ap-southeast-2:001601475366:route-table/rtb-0edbcc406c771f2d4",
            "id": "rtb-0edbcc406c771f2d4",
            "owner_id": "001601475366",
            "propagating_vgws": [],
            "route": [
              {
                "carrier_gateway_id": "",
                "cidr_block": "0.0.0.0/0",
                "destination_prefix_list_id": "",
                "egress_only_gateway_id": "",
                "gateway_id": "igw-06bb7e68a6e3c188a",
                "instance_id": "",
                "ipv6_cidr_block": "",
                "local_gateway_id": "",
                "nat_gateway_id": "",
                "network_interface_id": "",
                "transit_gateway_id": "",
                "vpc_endpoint_id": "",
                "vpc_peering_connection_id": ""
              }
            ],
            "tags": {
              "Launched_By": "Terraform",
              "Name": "modular route table"
            },
            "tags_all": {
              "Launched_By": "Terraform",
              "Name": "modular route table"
            },
            "vpc_id": "vpc-00a44e02ad3311750"
          },
          "sensitive_attributes": [],
          "private": "bnVsbA==",
          "dependencies": [
            "module.create_igw.aws_internet_gateway.igw",
            "module.create_vpc.aws_vpc.vpc"
          ]
        }
      ]
    },
    {
      "module": "module.create_route_table_assoc",
      "mode": "managed",
      "type": "aws_route_table_association",
      "name": "route_table_assoc",
      "provider": "provider[\"registry.terraform.io/hashicorp/aws\"]",
      "instances": [
        {
          "schema_version": 0,
          "attributes": {
            "gateway_id": "",
            "id": "rtbassoc-061a53baee82b554f",
            "route_table_id": "rtb-0edbcc406c771f2d4",
            "subnet_id": "subnet-0515799d8f520edcb"
          },
          "sensitive_attributes": [],
          "private": "bnVsbA==",
          "dependencies": [
            "module.create_route_table.aws_route_table.route_table",
            "module.create_subnet.aws_subnet.subnet",
            "module.create_vpc.aws_vpc.vpc",
            "module.create_igw.aws_internet_gateway.igw"
          ]
        }
      ]
    },
    {
      "module": "module.create_sg",
      "mode": "managed",
      "type": "aws_security_group",
      "name": "sg",
      "provider": "provider[\"registry.terraform.io/hashicorp/aws\"]",
      "instances": [
        {
          "schema_version": 1,
          "attributes": {
            "arn": "arn:aws:ec2:ap-southeast-2:001601475366:security-group/sg-0d8b295396cb71aa0",
            "description": "modular sg for webservers created by terraform",
            "egress": [
              {
                "cidr_blocks": [
                  "0.0.0.0/0"
                ],
                "description": "ALL egress",
                "from_port": 0,
                "ipv6_cidr_blocks": [],
                "prefix_list_ids": [],
                "protocol": "-1",
                "security_groups": [],
                "self": false,
                "to_port": 0
              }
            ],
            "id": "sg-0d8b295396cb71aa0",
            "ingress": [
              {
                "cidr_blocks": [
                  "0.0.0.0/0"
                ],
                "description": "ALL HTTP ingress",
                "from_port": 80,
                "ipv6_cidr_blocks": [],
                "prefix_list_ids": [],
                "protocol": "tcp",
                "security_groups": [],
                "self": false,
                "to_port": 80
              },
              {
                "cidr_blocks": [
                  "0.0.0.0/0"
                ],
                "description": "ALL HTTPS ingress",
                "from_port": 443,
                "ipv6_cidr_blocks": [],
                "prefix_list_ids": [],
                "protocol": "tcp",
                "security_groups": [],
                "self": false,
                "to_port": 443
              },
              {
                "cidr_blocks": [
                  "1.158.51.8/32"
                ],
                "description": "Custom SSH ingress",
                "from_port": 22,
                "ipv6_cidr_blocks": [],
                "prefix_list_ids": [],
                "protocol": "tcp",
                "security_groups": [],
                "self": false,
                "to_port": 22
              }
            ],
            "name": "modular webserver sg",
            "name_prefix": "",
            "owner_id": "001601475366",
            "revoke_rules_on_delete": false,
            "tags": {
              "Launched_By": "Terraform",
              "Name": "modular webserver sg"
            },
            "tags_all": {
              "Launched_By": "Terraform",
              "Name": "modular webserver sg"
            },
            "timeouts": null,
            "vpc_id": "vpc-00a44e02ad3311750"
          },
          "sensitive_attributes": [],
          "private": "eyJlMmJmYjczMC1lY2FhLTExZTYtOGY4OC0zNDM2M2JjN2M0YzAiOnsiY3JlYXRlIjo2MDAwMDAwMDAwMDAsImRlbGV0ZSI6OTAwMDAwMDAwMDAwfSwic2NoZW1hX3ZlcnNpb24iOiIxIn0=",
          "dependencies": [
            "module.create_vpc.aws_vpc.vpc"
          ]
        }
      ]
    },
    {
      "module": "module.create_subnet",
      "mode": "managed",
      "type": "aws_subnet",
      "name": "subnet",
      "provider": "provider[\"registry.terraform.io/hashicorp/aws\"]",
      "instances": [
        {
          "schema_version": 1,
          "attributes": {
            "arn": "arn:aws:ec2:ap-southeast-2:001601475366:subnet/subnet-0515799d8f520edcb",
            "assign_ipv6_address_on_creation": false,
            "availability_zone": "ap-southeast-2b",
            "availability_zone_id": "apse2-az1",
            "cidr_block": "192.168.1.0/24",
            "customer_owned_ipv4_pool": "",
            "id": "subnet-0515799d8f520edcb",
            "ipv6_cidr_block": "",
            "ipv6_cidr_block_association_id": "",
            "map_customer_owned_ip_on_launch": false,
            "map_public_ip_on_launch": false,
            "outpost_arn": "",
            "owner_id": "001601475366",
            "tags": {
              "Launched_By": "Terraform",
              "Name": "modular subnet"
            },
            "tags_all": {
              "Launched_By": "Terraform",
              "Name": "modular subnet"
            },
            "timeouts": null,
            "vpc_id": "vpc-00a44e02ad3311750"
          },
          "sensitive_attributes": [],
          "private": "eyJlMmJmYjczMC1lY2FhLTExZTYtOGY4OC0zNDM2M2JjN2M0YzAiOnsiY3JlYXRlIjo2MDAwMDAwMDAwMDAsImRlbGV0ZSI6MTIwMDAwMDAwMDAwMH0sInNjaGVtYV92ZXJzaW9uIjoiMSJ9",
          "dependencies": [
            "module.create_vpc.aws_vpc.vpc"
          ]
        }
      ]
    },
    {
      "module": "module.create_vpc",
      "mode": "managed",
      "type": "aws_vpc",
      "name": "vpc",
      "provider": "provider[\"registry.terraform.io/hashicorp/aws\"]",
      "instances": [
        {
          "schema_version": 1,
          "attributes": {
            "arn": "arn:aws:ec2:ap-southeast-2:001601475366:vpc/vpc-00a44e02ad3311750",
            "assign_generated_ipv6_cidr_block": false,
            "cidr_block": "192.168.0.0/16",
            "default_network_acl_id": "acl-04383a2fbab35bc36",
            "default_route_table_id": "rtb-08c2de894d0272ccf",
            "default_security_group_id": "sg-00ce2ef7b3c03d9e3",
            "dhcp_options_id": "dopt-0a8937f7b9748b59d",
            "enable_classiclink": false,
            "enable_classiclink_dns_support": false,
            "enable_dns_hostnames": true,
            "enable_dns_support": true,
            "id": "vpc-00a44e02ad3311750",
            "instance_tenancy": "default",
            "ipv6_association_id": "",
            "ipv6_cidr_block": "",
            "main_route_table_id": "rtb-08c2de894d0272ccf",
            "owner_id": "001601475366",
            "tags": {
              "Launched_By": "Terraform",
              "Name": "modular vpc"
            },
            "tags_all": {
              "Launched_By": "Terraform",
              "Name": "modular vpc"
            }
          },
          "sensitive_attributes": [],
          "private": "eyJzY2hlbWFfdmVyc2lvbiI6IjEifQ=="
        }
      ]
    }
  ]
}
